
Microsoft Visual Studio Solution File, Format Version 9.00
# Visual Studio 2005
Project("{FAE04EC0-301F-11D3-BF4B-00C04F79EFBC}") = "FOGTray_Printer", "FOGTray_Printer\FOGTray_Printer.csproj", "{6F8D0F64-1A4B-491D-B2BE-3D1B1479235D}"
EndProject
Global
	GlobalSection(SolutionConfigurationPlatforms) = preSolution
		Debug|Any CPU = Debug|Any CPU
		Release|Any CPU = Release|Any CPU
	EndGlobalSection
	GlobalSection(ProjectConfigurationPlatforms) = postSolution
		{6F8D0F64-1A4B-491D-B2BE-3D1B1479235D}.Debug|Any CPU.ActiveCfg = Debug|Any CPU
		{6F8D0F64-1A4B-491D-B2BE-3D1B1479235D}.Debug|Any CPU.Build.0 = Debug|Any CPU
		{6F8D0F64-1A4B-491D-B2BE-3D1B1479235D}.Release|Any CPU.ActiveCfg = Release|Any CPU
		{6F8D0F64-1A4B-491D-B2BE-3D1B1479235D}.Release|Any CPU.Build.0 = Release|Any CPU
	EndGlobalSection
	GlobalSection(SolutionProperties) = preSolution
		HideSolutionNode = FALSE
	EndGlobalSection
EndGlobal
