
Microsoft Visual Studio Solution File, Format Version 10.00
# Visual Studio 2008
# SharpDevelop 4.4
Project("{FAE04EC0-301F-11D3-BF4B-00C04F79EFBC}") = "Service", "Service\Service.csproj", "{5C3289AB-B65D-42F8-BFD0-21C61619729A}"
EndProject
Project("{FAE04EC0-301F-11D3-BF4B-00C04F79EFBC}") = "AbstractModule", "AbstractModule\AbstractModule.csproj", "{DA390DC8-3502-42B2-8220-D52B2A64E4B7}"
EndProject
Project("{FAE04EC0-301F-11D3-BF4B-00C04F79EFBC}") = "LogHandler", "LogHandler\LogHandler.csproj", "{513D6FE3-D7A2-4DEE-9462-CEB2C781EE52}"
EndProject
Project("{FAE04EC0-301F-11D3-BF4B-00C04F79EFBC}") = "ShutdownHandler", "ShutdownHandler\ShutdownHandler.csproj", "{D0C42FA3-B494-4FA7-92CB-50D7C2E05383}"
EndProject
Project("{FAE04EC0-301F-11D3-BF4B-00C04F79EFBC}") = "UserHandler", "UserHandler\UserHandler.csproj", "{1759DEAE-2585-4324-9F85-338BE0F755BF}"
EndProject
Project("{FAE04EC0-301F-11D3-BF4B-00C04F79EFBC}") = "NotificationHandler", "NotificationHandler\NotificationHandler.csproj", "{717A8C0E-32F9-498C-BC51-FC03D0009248}"
EndProject
Project("{FAE04EC0-301F-11D3-BF4B-00C04F79EFBC}") = "TaskReboot", "TaskReboot\TaskReboot.csproj", "{5E709B72-0C8B-45B7-AC5C-413F6CDA6679}"
EndProject
Project("{FAE04EC0-301F-11D3-BF4B-00C04F79EFBC}") = "SnapinClient", "SnapinClient\SnapinClient.csproj", "{3532F76F-7A3B-474E-8CB1-58867E584510}"
EndProject
Project("{FAE04EC0-301F-11D3-BF4B-00C04F79EFBC}") = "EncryptionHandler", "EncryptionHandler\EncryptionHandler.csproj", "{052A6197-798E-428B-99F9-7ABF12280798}"
EndProject
Project("{FAE04EC0-301F-11D3-BF4B-00C04F79EFBC}") = "PipeServer", "PipeServer\PipeServer.csproj", "{DF7C1145-E90C-486B-ACEC-543B42CF083F}"
EndProject
Project("{FAE04EC0-301F-11D3-BF4B-00C04F79EFBC}") = "PipeClient", "PipeClient\PipeClient.csproj", "{8F3F2E0B-F261-4F9C-A592-2062D8A3C2BD}"
EndProject
Project("{FAE04EC0-301F-11D3-BF4B-00C04F79EFBC}") = "Tray", "Tray\Tray.csproj", "{3E31CCE4-D06A-4F02-A3E8-981B9033CA32}"
EndProject
Project("{FAE04EC0-301F-11D3-BF4B-00C04F79EFBC}") = "HostnameChanger", "HostnameChanger\HostnameChanger.csproj", "{B0C35B47-7A8A-466F-9D83-FA9384536929}"
EndProject
Project("{FAE04EC0-301F-11D3-BF4B-00C04F79EFBC}") = "AutoLogOut", "AutoLogOut\AutoLogOut.csproj", "{B39DF5F9-A914-45AC-9F01-37B12A5591DC}"
EndProject
Project("{FAE04EC0-301F-11D3-BF4B-00C04F79EFBC}") = "UserService", "UserService\UserService.csproj", "{9F4E9573-031F-405C-A8A3-8BFE4F35B14D}"
EndProject
Project("{CFEE4113-1246-4D54-95CB-156813CB8593}") = "Installer", "Installer\Installer.wixproj", "{E54A6E6A-2E1F-4270-A641-BD3C0E1F16EB}"
EndProject
Project("{FAE04EC0-301F-11D3-BF4B-00C04F79EFBC}") = "RegistryHandler", "RegistryHandler\RegistryHandler.csproj", "{7BA48875-2930-4A9B-9216-255FCA1E86BE}"
EndProject
Project("{FAE04EC0-301F-11D3-BF4B-00C04F79EFBC}") = "ClientUpdater", "ClientUpdater\ClientUpdater.csproj", "{40D0B176-6E1D-4D08-8150-F75D33F7AD4A}"
EndProject
Project("{FAE04EC0-301F-11D3-BF4B-00C04F79EFBC}") = "Compiler", "Compiler\Compiler.csproj", "{486EC2D1-DBEE-4E58-81A8-72D029EC0890}"
EndProject
Project("{FAE04EC0-301F-11D3-BF4B-00C04F79EFBC}") = "DisplayManager", "DisplayManager\DisplayManager.csproj", "{952FBDDC-89B2-476C-88A3-A39E6748B612}"
EndProject
Project("{FAE04EC0-301F-11D3-BF4B-00C04F79EFBC}") = "UpdateWaiter", "UpdateWaiter\UpdateWaiter.csproj", "{C7113642-59C8-41C0-BF64-2F29BAE45910}"
EndProject
Project("{FAE04EC0-301F-11D3-BF4B-00C04F79EFBC}") = "UpdateHelper", "UpdateHelper\UpdateHelper.csproj", "{788E1733-937F-415C-A6E9-46A43BB0B019}"
EndProject
Project("{FAE04EC0-301F-11D3-BF4B-00C04F79EFBC}") = "HostRegister", "HostRegister\HostRegister.csproj", "{F5C3DD62-B25E-4DD4-B159-7B2640D01AD1}"
EndProject
Project("{FAE04EC0-301F-11D3-BF4B-00C04F79EFBC}") = "CommunicationHandler", "CommunicationHandler\CommunicationHandler.csproj", "{5888C3CC-7B30-4A80-BDF4-3C269DC9DD40}"
EndProject
Project("{FAE04EC0-301F-11D3-BF4B-00C04F79EFBC}") = "DirCleaner", "DirCleaner\DirCleaner.csproj", "{DCB0754B-930E-460C-B3E4-A35F3B992C70}"
EndProject
Project("{FAE04EC0-301F-11D3-BF4B-00C04F79EFBC}") = "UserCleanup", "UserCleanup\UserCleanup.csproj", "{9BC2248C-9A29-4936-859D-CF263E53A00F}"
EndProject
Global
	GlobalSection(SolutionConfigurationPlatforms) = preSolution
		Debug|Any CPU = Debug|Any CPU
		Release|Any CPU = Release|Any CPU
	EndGlobalSection
	GlobalSection(ProjectConfigurationPlatforms) = postSolution
		{5C3289AB-B65D-42F8-BFD0-21C61619729A}.Debug|Any CPU.Build.0 = Debug|Any CPU
		{5C3289AB-B65D-42F8-BFD0-21C61619729A}.Debug|Any CPU.ActiveCfg = Debug|Any CPU
		{5C3289AB-B65D-42F8-BFD0-21C61619729A}.Release|Any CPU.Build.0 = Release|Any CPU
		{5C3289AB-B65D-42F8-BFD0-21C61619729A}.Release|Any CPU.ActiveCfg = Release|Any CPU
		{DA390DC8-3502-42B2-8220-D52B2A64E4B7}.Debug|Any CPU.Build.0 = Debug|Any CPU
		{DA390DC8-3502-42B2-8220-D52B2A64E4B7}.Debug|Any CPU.ActiveCfg = Debug|Any CPU
		{DA390DC8-3502-42B2-8220-D52B2A64E4B7}.Release|Any CPU.Build.0 = Release|Any CPU
		{DA390DC8-3502-42B2-8220-D52B2A64E4B7}.Release|Any CPU.ActiveCfg = Release|Any CPU
		{513D6FE3-D7A2-4DEE-9462-CEB2C781EE52}.Debug|Any CPU.Build.0 = Debug|Any CPU
		{513D6FE3-D7A2-4DEE-9462-CEB2C781EE52}.Debug|Any CPU.ActiveCfg = Debug|Any CPU
		{513D6FE3-D7A2-4DEE-9462-CEB2C781EE52}.Release|Any CPU.Build.0 = Release|Any CPU
		{513D6FE3-D7A2-4DEE-9462-CEB2C781EE52}.Release|Any CPU.ActiveCfg = Release|Any CPU
		{D0C42FA3-B494-4FA7-92CB-50D7C2E05383}.Debug|Any CPU.Build.0 = Debug|Any CPU
		{D0C42FA3-B494-4FA7-92CB-50D7C2E05383}.Debug|Any CPU.ActiveCfg = Debug|Any CPU
		{D0C42FA3-B494-4FA7-92CB-50D7C2E05383}.Release|Any CPU.Build.0 = Release|Any CPU
		{D0C42FA3-B494-4FA7-92CB-50D7C2E05383}.Release|Any CPU.ActiveCfg = Release|Any CPU
		{1759DEAE-2585-4324-9F85-338BE0F755BF}.Debug|Any CPU.Build.0 = Debug|Any CPU
		{1759DEAE-2585-4324-9F85-338BE0F755BF}.Debug|Any CPU.ActiveCfg = Debug|Any CPU
		{1759DEAE-2585-4324-9F85-338BE0F755BF}.Release|Any CPU.Build.0 = Release|Any CPU
		{1759DEAE-2585-4324-9F85-338BE0F755BF}.Release|Any CPU.ActiveCfg = Release|Any CPU
		{717A8C0E-32F9-498C-BC51-FC03D0009248}.Debug|Any CPU.Build.0 = Debug|Any CPU
		{717A8C0E-32F9-498C-BC51-FC03D0009248}.Debug|Any CPU.ActiveCfg = Debug|Any CPU
		{717A8C0E-32F9-498C-BC51-FC03D0009248}.Release|Any CPU.Build.0 = Release|Any CPU
		{717A8C0E-32F9-498C-BC51-FC03D0009248}.Release|Any CPU.ActiveCfg = Release|Any CPU
		{5E709B72-0C8B-45B7-AC5C-413F6CDA6679}.Debug|Any CPU.Build.0 = Debug|Any CPU
		{5E709B72-0C8B-45B7-AC5C-413F6CDA6679}.Debug|Any CPU.ActiveCfg = Debug|Any CPU
		{5E709B72-0C8B-45B7-AC5C-413F6CDA6679}.Release|Any CPU.Build.0 = Release|Any CPU
		{5E709B72-0C8B-45B7-AC5C-413F6CDA6679}.Release|Any CPU.ActiveCfg = Release|Any CPU
		{3532F76F-7A3B-474E-8CB1-58867E584510}.Debug|Any CPU.Build.0 = Debug|Any CPU
		{3532F76F-7A3B-474E-8CB1-58867E584510}.Debug|Any CPU.ActiveCfg = Debug|Any CPU
		{3532F76F-7A3B-474E-8CB1-58867E584510}.Release|Any CPU.Build.0 = Release|Any CPU
		{3532F76F-7A3B-474E-8CB1-58867E584510}.Release|Any CPU.ActiveCfg = Release|Any CPU
		{052A6197-798E-428B-99F9-7ABF12280798}.Debug|Any CPU.Build.0 = Debug|Any CPU
		{052A6197-798E-428B-99F9-7ABF12280798}.Debug|Any CPU.ActiveCfg = Debug|Any CPU
		{052A6197-798E-428B-99F9-7ABF12280798}.Release|Any CPU.Build.0 = Release|Any CPU
		{052A6197-798E-428B-99F9-7ABF12280798}.Release|Any CPU.ActiveCfg = Release|Any CPU
		{DF7C1145-E90C-486B-ACEC-543B42CF083F}.Debug|Any CPU.Build.0 = Debug|Any CPU
		{DF7C1145-E90C-486B-ACEC-543B42CF083F}.Debug|Any CPU.ActiveCfg = Debug|Any CPU
		{DF7C1145-E90C-486B-ACEC-543B42CF083F}.Release|Any CPU.Build.0 = Release|Any CPU
		{DF7C1145-E90C-486B-ACEC-543B42CF083F}.Release|Any CPU.ActiveCfg = Release|Any CPU
		{8F3F2E0B-F261-4F9C-A592-2062D8A3C2BD}.Debug|Any CPU.Build.0 = Debug|Any CPU
		{8F3F2E0B-F261-4F9C-A592-2062D8A3C2BD}.Debug|Any CPU.ActiveCfg = Debug|Any CPU
		{8F3F2E0B-F261-4F9C-A592-2062D8A3C2BD}.Release|Any CPU.Build.0 = Release|Any CPU
		{8F3F2E0B-F261-4F9C-A592-2062D8A3C2BD}.Release|Any CPU.ActiveCfg = Release|Any CPU
		{3E31CCE4-D06A-4F02-A3E8-981B9033CA32}.Debug|Any CPU.Build.0 = Debug|Any CPU
		{3E31CCE4-D06A-4F02-A3E8-981B9033CA32}.Debug|Any CPU.ActiveCfg = Debug|Any CPU
		{3E31CCE4-D06A-4F02-A3E8-981B9033CA32}.Release|Any CPU.Build.0 = Release|Any CPU
		{3E31CCE4-D06A-4F02-A3E8-981B9033CA32}.Release|Any CPU.ActiveCfg = Release|Any CPU
		{B0C35B47-7A8A-466F-9D83-FA9384536929}.Debug|Any CPU.Build.0 = Debug|Any CPU
		{B0C35B47-7A8A-466F-9D83-FA9384536929}.Debug|Any CPU.ActiveCfg = Debug|Any CPU
		{B0C35B47-7A8A-466F-9D83-FA9384536929}.Release|Any CPU.Build.0 = Release|Any CPU
		{B0C35B47-7A8A-466F-9D83-FA9384536929}.Release|Any CPU.ActiveCfg = Release|Any CPU
		{B39DF5F9-A914-45AC-9F01-37B12A5591DC}.Debug|Any CPU.Build.0 = Debug|Any CPU
		{B39DF5F9-A914-45AC-9F01-37B12A5591DC}.Debug|Any CPU.ActiveCfg = Debug|Any CPU
		{B39DF5F9-A914-45AC-9F01-37B12A5591DC}.Release|Any CPU.Build.0 = Release|Any CPU
		{B39DF5F9-A914-45AC-9F01-37B12A5591DC}.Release|Any CPU.ActiveCfg = Release|Any CPU
		{9F4E9573-031F-405C-A8A3-8BFE4F35B14D}.Debug|Any CPU.Build.0 = Debug|Any CPU
		{9F4E9573-031F-405C-A8A3-8BFE4F35B14D}.Debug|Any CPU.ActiveCfg = Debug|Any CPU
		{9F4E9573-031F-405C-A8A3-8BFE4F35B14D}.Release|Any CPU.Build.0 = Release|Any CPU
		{9F4E9573-031F-405C-A8A3-8BFE4F35B14D}.Release|Any CPU.ActiveCfg = Release|Any CPU
		{E54A6E6A-2E1F-4270-A641-BD3C0E1F16EB}.Debug|Any CPU.Build.0 = Debug|Any CPU
		{E54A6E6A-2E1F-4270-A641-BD3C0E1F16EB}.Debug|Any CPU.ActiveCfg = Debug|Any CPU
		{E54A6E6A-2E1F-4270-A641-BD3C0E1F16EB}.Release|Any CPU.Build.0 = Release|Any CPU
		{E54A6E6A-2E1F-4270-A641-BD3C0E1F16EB}.Release|Any CPU.ActiveCfg = Release|Any CPU
		{7BA48875-2930-4A9B-9216-255FCA1E86BE}.Debug|Any CPU.Build.0 = Debug|Any CPU
		{7BA48875-2930-4A9B-9216-255FCA1E86BE}.Debug|Any CPU.ActiveCfg = Debug|Any CPU
		{7BA48875-2930-4A9B-9216-255FCA1E86BE}.Release|Any CPU.Build.0 = Release|Any CPU
		{7BA48875-2930-4A9B-9216-255FCA1E86BE}.Release|Any CPU.ActiveCfg = Release|Any CPU
		{40D0B176-6E1D-4D08-8150-F75D33F7AD4A}.Debug|Any CPU.Build.0 = Debug|Any CPU
		{40D0B176-6E1D-4D08-8150-F75D33F7AD4A}.Debug|Any CPU.ActiveCfg = Debug|Any CPU
		{40D0B176-6E1D-4D08-8150-F75D33F7AD4A}.Release|Any CPU.Build.0 = Release|Any CPU
		{40D0B176-6E1D-4D08-8150-F75D33F7AD4A}.Release|Any CPU.ActiveCfg = Release|Any CPU
		{486EC2D1-DBEE-4E58-81A8-72D029EC0890}.Debug|Any CPU.Build.0 = Debug|Any CPU
		{486EC2D1-DBEE-4E58-81A8-72D029EC0890}.Debug|Any CPU.ActiveCfg = Debug|Any CPU
		{486EC2D1-DBEE-4E58-81A8-72D029EC0890}.Release|Any CPU.Build.0 = Release|Any CPU
		{486EC2D1-DBEE-4E58-81A8-72D029EC0890}.Release|Any CPU.ActiveCfg = Release|Any CPU
		{952FBDDC-89B2-476C-88A3-A39E6748B612}.Debug|Any CPU.Build.0 = Debug|Any CPU
		{952FBDDC-89B2-476C-88A3-A39E6748B612}.Debug|Any CPU.ActiveCfg = Debug|Any CPU
		{952FBDDC-89B2-476C-88A3-A39E6748B612}.Release|Any CPU.Build.0 = Release|Any CPU
		{952FBDDC-89B2-476C-88A3-A39E6748B612}.Release|Any CPU.ActiveCfg = Release|Any CPU
		{C7113642-59C8-41C0-BF64-2F29BAE45910}.Debug|Any CPU.Build.0 = Debug|Any CPU
		{C7113642-59C8-41C0-BF64-2F29BAE45910}.Debug|Any CPU.ActiveCfg = Debug|Any CPU
		{C7113642-59C8-41C0-BF64-2F29BAE45910}.Release|Any CPU.Build.0 = Release|Any CPU
		{C7113642-59C8-41C0-BF64-2F29BAE45910}.Release|Any CPU.ActiveCfg = Release|Any CPU
		{788E1733-937F-415C-A6E9-46A43BB0B019}.Debug|Any CPU.Build.0 = Debug|Any CPU
		{788E1733-937F-415C-A6E9-46A43BB0B019}.Debug|Any CPU.ActiveCfg = Debug|Any CPU
		{788E1733-937F-415C-A6E9-46A43BB0B019}.Release|Any CPU.Build.0 = Release|Any CPU
		{788E1733-937F-415C-A6E9-46A43BB0B019}.Release|Any CPU.ActiveCfg = Release|Any CPU
		{F5C3DD62-B25E-4DD4-B159-7B2640D01AD1}.Debug|Any CPU.Build.0 = Debug|Any CPU
		{F5C3DD62-B25E-4DD4-B159-7B2640D01AD1}.Debug|Any CPU.ActiveCfg = Debug|Any CPU
		{F5C3DD62-B25E-4DD4-B159-7B2640D01AD1}.Release|Any CPU.Build.0 = Release|Any CPU
		{F5C3DD62-B25E-4DD4-B159-7B2640D01AD1}.Release|Any CPU.ActiveCfg = Release|Any CPU
		{5888C3CC-7B30-4A80-BDF4-3C269DC9DD40}.Debug|Any CPU.Build.0 = Debug|Any CPU
		{5888C3CC-7B30-4A80-BDF4-3C269DC9DD40}.Debug|Any CPU.ActiveCfg = Debug|Any CPU
		{5888C3CC-7B30-4A80-BDF4-3C269DC9DD40}.Release|Any CPU.Build.0 = Release|Any CPU
		{5888C3CC-7B30-4A80-BDF4-3C269DC9DD40}.Release|Any CPU.ActiveCfg = Release|Any CPU
		{DCB0754B-930E-460C-B3E4-A35F3B992C70}.Debug|Any CPU.Build.0 = Debug|Any CPU
		{DCB0754B-930E-460C-B3E4-A35F3B992C70}.Debug|Any CPU.ActiveCfg = Debug|Any CPU
		{DCB0754B-930E-460C-B3E4-A35F3B992C70}.Release|Any CPU.Build.0 = Release|Any CPU
		{DCB0754B-930E-460C-B3E4-A35F3B992C70}.Release|Any CPU.ActiveCfg = Release|Any CPU
		{9BC2248C-9A29-4936-859D-CF263E53A00F}.Debug|Any CPU.Build.0 = Debug|Any CPU
		{9BC2248C-9A29-4936-859D-CF263E53A00F}.Debug|Any CPU.ActiveCfg = Debug|Any CPU
		{9BC2248C-9A29-4936-859D-CF263E53A00F}.Release|Any CPU.Build.0 = Release|Any CPU
		{9BC2248C-9A29-4936-859D-CF263E53A00F}.Release|Any CPU.ActiveCfg = Release|Any CPU
	EndGlobalSection
EndGlobal
