
Microsoft Visual Studio Solution File, Format Version 10.00
# Visual Studio 2008
# SharpDevelop 4.4
Project("{FAE04EC0-301F-11D3-BF4B-00C04F79EFBC}") = "Service", "Service\Service.csproj", "{5C3289AB-B65D-42F8-BFD0-21C61619729A}"
EndProject
Project("{FAE04EC0-301F-11D3-BF4B-00C04F79EFBC}") = "AbstractModule", "AbstractModule\AbstractModule.csproj", "{DA390DC8-3502-42B2-8220-D52B2A64E4B7}"
EndProject
Project("{FAE04EC0-301F-11D3-BF4B-00C04F79EFBC}") = "LogHandler", "LogHandler\LogHandler.csproj", "{513D6FE3-D7A2-4DEE-9462-CEB2C781EE52}"
EndProject
Project("{FAE04EC0-301F-11D3-BF4B-00C04F79EFBC}") = "ShutdownHandler", "ShutdownHandler\ShutdownHandler.csproj", "{D0C42FA3-B494-4FA7-92CB-50D7C2E05383}"
EndProject
Project("{FAE04EC0-301F-11D3-BF4B-00C04F79EFBC}") = "UserHandler", "UserHandler\UserHandler.csproj", "{1759DEAE-2585-4324-9F85-338BE0F755BF}"
EndProject
Project("{FAE04EC0-301F-11D3-BF4B-00C04F79EFBC}") = "CommunicationHandler", "CommunicationHandler\CommunicationHandler.csproj", "{5888C3CC-7B30-4A80-BDF4-3C269DC9DD40}"
EndProject
Project("{FAE04EC0-301F-11D3-BF4B-00C04F79EFBC}") = "NotificationHandler", "NotificationHandler\NotificationHandler.csproj", "{717A8C0E-32F9-498C-BC51-FC03D0009248}"
EndProject
Project("{FAE04EC0-301F-11D3-BF4B-00C04F79EFBC}") = "TaskReboot", "TaskReboot\TaskReboot.csproj", "{5E709B72-0C8B-45B7-AC5C-413F6CDA6679}"
EndProject
Project("{FAE04EC0-301F-11D3-BF4B-00C04F79EFBC}") = "SnapinClient", "SnapinClient\SnapinClient.csproj", "{3532F76F-7A3B-474E-8CB1-58867E584510}"
EndProject
Project("{FAE04EC0-301F-11D3-BF4B-00C04F79EFBC}") = "EncryptionHandler", "EncryptionHandler\EncryptionHandler.csproj", "{052A6197-798E-428B-99F9-7ABF12280798}"
EndProject
Project("{CFEE4113-1246-4D54-95CB-156813CB8593}") = "Installer", "Installer\Installer.wixproj", "{33A322B7-956D-47F4-812B-D13BA35DCCCE}"
EndProject
Project("{FAE04EC0-301F-11D3-BF4B-00C04F79EFBC}") = "PipeServer", "PipeServer\PipeServer.csproj", "{DF7C1145-E90C-486B-ACEC-543B42CF083F}"
EndProject
Project("{FAE04EC0-301F-11D3-BF4B-00C04F79EFBC}") = "PipeClient", "PipeClient\PipeClient.csproj", "{8F3F2E0B-F261-4F9C-A592-2062D8A3C2BD}"
EndProject
Global
	GlobalSection(SolutionConfigurationPlatforms) = preSolution
		Debug|Any CPU = Debug|Any CPU
		Release|Any CPU = Release|Any CPU
	EndGlobalSection
	GlobalSection(ProjectConfigurationPlatforms) = postSolution
		{5C3289AB-B65D-42F8-BFD0-21C61619729A}.Debug|Any CPU.Build.0 = Debug|Any CPU
		{5C3289AB-B65D-42F8-BFD0-21C61619729A}.Debug|Any CPU.ActiveCfg = Debug|Any CPU
		{5C3289AB-B65D-42F8-BFD0-21C61619729A}.Release|Any CPU.Build.0 = Release|Any CPU
		{5C3289AB-B65D-42F8-BFD0-21C61619729A}.Release|Any CPU.ActiveCfg = Release|Any CPU
		{DA390DC8-3502-42B2-8220-D52B2A64E4B7}.Debug|Any CPU.Build.0 = Debug|Any CPU
		{DA390DC8-3502-42B2-8220-D52B2A64E4B7}.Debug|Any CPU.ActiveCfg = Debug|Any CPU
		{DA390DC8-3502-42B2-8220-D52B2A64E4B7}.Release|Any CPU.Build.0 = Release|Any CPU
		{DA390DC8-3502-42B2-8220-D52B2A64E4B7}.Release|Any CPU.ActiveCfg = Release|Any CPU
		{513D6FE3-D7A2-4DEE-9462-CEB2C781EE52}.Debug|Any CPU.Build.0 = Debug|Any CPU
		{513D6FE3-D7A2-4DEE-9462-CEB2C781EE52}.Debug|Any CPU.ActiveCfg = Debug|Any CPU
		{513D6FE3-D7A2-4DEE-9462-CEB2C781EE52}.Release|Any CPU.Build.0 = Release|Any CPU
		{513D6FE3-D7A2-4DEE-9462-CEB2C781EE52}.Release|Any CPU.ActiveCfg = Release|Any CPU
		{D0C42FA3-B494-4FA7-92CB-50D7C2E05383}.Debug|Any CPU.Build.0 = Debug|Any CPU
		{D0C42FA3-B494-4FA7-92CB-50D7C2E05383}.Debug|Any CPU.ActiveCfg = Debug|Any CPU
		{D0C42FA3-B494-4FA7-92CB-50D7C2E05383}.Release|Any CPU.Build.0 = Release|Any CPU
		{D0C42FA3-B494-4FA7-92CB-50D7C2E05383}.Release|Any CPU.ActiveCfg = Release|Any CPU
		{1759DEAE-2585-4324-9F85-338BE0F755BF}.Debug|Any CPU.Build.0 = Debug|Any CPU
		{1759DEAE-2585-4324-9F85-338BE0F755BF}.Debug|Any CPU.ActiveCfg = Debug|Any CPU
		{1759DEAE-2585-4324-9F85-338BE0F755BF}.Release|Any CPU.Build.0 = Release|Any CPU
		{1759DEAE-2585-4324-9F85-338BE0F755BF}.Release|Any CPU.ActiveCfg = Release|Any CPU
		{5888C3CC-7B30-4A80-BDF4-3C269DC9DD40}.Debug|Any CPU.Build.0 = Debug|Any CPU
		{5888C3CC-7B30-4A80-BDF4-3C269DC9DD40}.Debug|Any CPU.ActiveCfg = Debug|Any CPU
		{5888C3CC-7B30-4A80-BDF4-3C269DC9DD40}.Release|Any CPU.Build.0 = Release|Any CPU
		{5888C3CC-7B30-4A80-BDF4-3C269DC9DD40}.Release|Any CPU.ActiveCfg = Release|Any CPU
		{717A8C0E-32F9-498C-BC51-FC03D0009248}.Debug|Any CPU.Build.0 = Debug|Any CPU
		{717A8C0E-32F9-498C-BC51-FC03D0009248}.Debug|Any CPU.ActiveCfg = Debug|Any CPU
		{717A8C0E-32F9-498C-BC51-FC03D0009248}.Release|Any CPU.Build.0 = Release|Any CPU
		{717A8C0E-32F9-498C-BC51-FC03D0009248}.Release|Any CPU.ActiveCfg = Release|Any CPU
		{5E709B72-0C8B-45B7-AC5C-413F6CDA6679}.Debug|Any CPU.Build.0 = Debug|Any CPU
		{5E709B72-0C8B-45B7-AC5C-413F6CDA6679}.Debug|Any CPU.ActiveCfg = Debug|Any CPU
		{5E709B72-0C8B-45B7-AC5C-413F6CDA6679}.Release|Any CPU.Build.0 = Release|Any CPU
		{5E709B72-0C8B-45B7-AC5C-413F6CDA6679}.Release|Any CPU.ActiveCfg = Release|Any CPU
		{3532F76F-7A3B-474E-8CB1-58867E584510}.Debug|Any CPU.Build.0 = Debug|Any CPU
		{3532F76F-7A3B-474E-8CB1-58867E584510}.Debug|Any CPU.ActiveCfg = Debug|Any CPU
		{3532F76F-7A3B-474E-8CB1-58867E584510}.Release|Any CPU.Build.0 = Release|Any CPU
		{3532F76F-7A3B-474E-8CB1-58867E584510}.Release|Any CPU.ActiveCfg = Release|Any CPU
		{052A6197-798E-428B-99F9-7ABF12280798}.Debug|Any CPU.Build.0 = Debug|Any CPU
		{052A6197-798E-428B-99F9-7ABF12280798}.Debug|Any CPU.ActiveCfg = Debug|Any CPU
		{052A6197-798E-428B-99F9-7ABF12280798}.Release|Any CPU.Build.0 = Release|Any CPU
		{052A6197-798E-428B-99F9-7ABF12280798}.Release|Any CPU.ActiveCfg = Release|Any CPU
		{33A322B7-956D-47F4-812B-D13BA35DCCCE}.Debug|Any CPU.Build.0 = Debug|Any CPU
		{33A322B7-956D-47F4-812B-D13BA35DCCCE}.Debug|Any CPU.ActiveCfg = Debug|Any CPU
		{33A322B7-956D-47F4-812B-D13BA35DCCCE}.Release|Any CPU.Build.0 = Release|Any CPU
		{33A322B7-956D-47F4-812B-D13BA35DCCCE}.Release|Any CPU.ActiveCfg = Release|Any CPU
		{DF7C1145-E90C-486B-ACEC-543B42CF083F}.Debug|Any CPU.Build.0 = Debug|Any CPU
		{DF7C1145-E90C-486B-ACEC-543B42CF083F}.Debug|Any CPU.ActiveCfg = Debug|Any CPU
		{DF7C1145-E90C-486B-ACEC-543B42CF083F}.Release|Any CPU.Build.0 = Release|Any CPU
		{DF7C1145-E90C-486B-ACEC-543B42CF083F}.Release|Any CPU.ActiveCfg = Release|Any CPU
		{8F3F2E0B-F261-4F9C-A592-2062D8A3C2BD}.Debug|Any CPU.Build.0 = Debug|Any CPU
		{8F3F2E0B-F261-4F9C-A592-2062D8A3C2BD}.Debug|Any CPU.ActiveCfg = Debug|Any CPU
		{8F3F2E0B-F261-4F9C-A592-2062D8A3C2BD}.Release|Any CPU.Build.0 = Release|Any CPU
		{8F3F2E0B-F261-4F9C-A592-2062D8A3C2BD}.Release|Any CPU.ActiveCfg = Release|Any CPU
	EndGlobalSection
EndGlobal
