
Microsoft Visual Studio Solution File, Format Version 10.00
# Visual Studio 2008
# SharpDevelop 4.4
Project("{FAE04EC0-301F-11D3-BF4B-00C04F79EFBC}") = "Service", "Service\Service.csproj", "{5C3289AB-B65D-42F8-BFD0-21C61619729A}"
EndProject
Project("{FAE04EC0-301F-11D3-BF4B-00C04F79EFBC}") = "AbstractModule", "AbstractModule\AbstractModule.csproj", "{DA390DC8-3502-42B2-8220-D52B2A64E4B7}"
EndProject
Global
	GlobalSection(SolutionConfigurationPlatforms) = preSolution
		Debug|Any CPU = Debug|Any CPU
		Release|Any CPU = Release|Any CPU
	EndGlobalSection
	GlobalSection(ProjectConfigurationPlatforms) = postSolution
		{5C3289AB-B65D-42F8-BFD0-21C61619729A}.Debug|Any CPU.Build.0 = Debug|Any CPU
		{5C3289AB-B65D-42F8-BFD0-21C61619729A}.Debug|Any CPU.ActiveCfg = Debug|Any CPU
		{5C3289AB-B65D-42F8-BFD0-21C61619729A}.Release|Any CPU.Build.0 = Release|Any CPU
		{5C3289AB-B65D-42F8-BFD0-21C61619729A}.Release|Any CPU.ActiveCfg = Release|Any CPU
		{DA390DC8-3502-42B2-8220-D52B2A64E4B7}.Debug|Any CPU.Build.0 = Debug|Any CPU
		{DA390DC8-3502-42B2-8220-D52B2A64E4B7}.Debug|Any CPU.ActiveCfg = Debug|Any CPU
		{DA390DC8-3502-42B2-8220-D52B2A64E4B7}.Release|Any CPU.Build.0 = Release|Any CPU
		{DA390DC8-3502-42B2-8220-D52B2A64E4B7}.Release|Any CPU.ActiveCfg = Release|Any CPU
	EndGlobalSection
EndGlobal
